
Microsoft Visual Studio Solution File, Format Version 12.00
# Visual Studio 14
VisualStudioVersion = 14.0.25123.0
MinimumVisualStudioVersion = 10.0.40219.1
Project("{FAE04EC0-301F-11D3-BF4B-00C04F79EFBC}") = "GrovePi", "GrovePi\GrovePi\GrovePi.csproj", "{A667742A-B887-4B46-8EC1-C671E8BEC5E4}"
EndProject
Project("{FAE04EC0-301F-11D3-BF4B-00C04F79EFBC}") = "HelloWorld(LCD)", "HelloWorld(LCD)\HelloWorld(LCD).csproj", "{AE8AFBE1-F8A7-4287-BD0D-DEE308D3624B}"
EndProject
Project("{FAE04EC0-301F-11D3-BF4B-00C04F79EFBC}") = "ButtonAndBuzzer", "ButtonAndBuzzer\ButtonAndBuzzer.csproj", "{3F1B10D0-2685-4D65-987D-15EB1ACDFFC8}"
EndProject
Project("{FAE04EC0-301F-11D3-BF4B-00C04F79EFBC}") = "HomeWeatherDisplay", "HomeWeatherDisplay\HomeWeatherDisplay.csproj", "{FBAC1C64-F56E-4A01-9D41-C9BC96C9E246}"
EndProject
Project("{FAE04EC0-301F-11D3-BF4B-00C04F79EFBC}") = "All_in_One", "All_in_One\All_in_One.csproj", "{71445452-8920-45D5-A60E-91BE5EAAE8D4}"
EndProject
Project("{FAE04EC0-301F-11D3-BF4B-00C04F79EFBC}") = "GroveRelay", "GroveRelay\GroveRelay.csproj", "{534798B2-0E5A-48F5-8769-0D373F19A4DA}"
EndProject
Project("{FAE04EC0-301F-11D3-BF4B-00C04F79EFBC}") = "GroveLedBar", "GroveLedBar\GroveLedBar.csproj", "{0F8B9C8C-FF5A-4C1D-A9FF-AB81839DD433}"
EndProject
Project("{FAE04EC0-301F-11D3-BF4B-00C04F79EFBC}") = "GroveTempAndHumi", "GroveTempAndHumi\GroveTempAndHumi.csproj", "{F9C4C5CE-687E-41AE-8725-0E9725621708}"
EndProject
Project("{FAE04EC0-301F-11D3-BF4B-00C04F79EFBC}") = "GroveAngleSensor", "GroveAngleSensor\GroveAngleSensor.csproj", "{9492E279-3B3B-4962-A30B-5F87A5E3794C}"
EndProject
Project("{FAE04EC0-301F-11D3-BF4B-00C04F79EFBC}") = "GroveLightSensor", "GroveLightSensor\GroveLightSensor.csproj", "{4A5D78E0-281A-4120-BE1C-6FED703861BE}"
EndProject
Project("{FAE04EC0-301F-11D3-BF4B-00C04F79EFBC}") = "GroveSoundSensor", "GroveSoundSensor\GroveSoundSensor.csproj", "{A38CBFE3-51F0-4A0E-828A-86B1362E5F49}"
EndProject
Project("{FAE04EC0-301F-11D3-BF4B-00C04F79EFBC}") = "GroveUltrasonicSensor", "GroveUltrasonicSensor\GroveUltrasonicSensor.csproj", "{FBE709AF-CAF1-4A7A-8CEA-A1B2124894CC}"
EndProject
Global
	GlobalSection(SolutionConfigurationPlatforms) = preSolution
		Debug|ARM = Debug|ARM
		Debug|x64 = Debug|x64
		Debug|x86 = Debug|x86
		Release|ARM = Release|ARM
		Release|x64 = Release|x64
		Release|x86 = Release|x86
	EndGlobalSection
	GlobalSection(ProjectConfigurationPlatforms) = postSolution
		{A667742A-B887-4B46-8EC1-C671E8BEC5E4}.Debug|ARM.ActiveCfg = Debug|ARM
		{A667742A-B887-4B46-8EC1-C671E8BEC5E4}.Debug|ARM.Build.0 = Debug|ARM
		{A667742A-B887-4B46-8EC1-C671E8BEC5E4}.Debug|x64.ActiveCfg = Debug|ARM
		{A667742A-B887-4B46-8EC1-C671E8BEC5E4}.Debug|x86.ActiveCfg = Debug|ARM
		{A667742A-B887-4B46-8EC1-C671E8BEC5E4}.Release|ARM.ActiveCfg = Release|ARM
		{A667742A-B887-4B46-8EC1-C671E8BEC5E4}.Release|ARM.Build.0 = Release|ARM
		{A667742A-B887-4B46-8EC1-C671E8BEC5E4}.Release|x64.ActiveCfg = Release|ARM
		{A667742A-B887-4B46-8EC1-C671E8BEC5E4}.Release|x86.ActiveCfg = Release|ARM
		{AE8AFBE1-F8A7-4287-BD0D-DEE308D3624B}.Debug|ARM.ActiveCfg = Debug|ARM
		{AE8AFBE1-F8A7-4287-BD0D-DEE308D3624B}.Debug|ARM.Build.0 = Debug|ARM
		{AE8AFBE1-F8A7-4287-BD0D-DEE308D3624B}.Debug|ARM.Deploy.0 = Debug|ARM
		{AE8AFBE1-F8A7-4287-BD0D-DEE308D3624B}.Debug|x64.ActiveCfg = Debug|ARM
		{AE8AFBE1-F8A7-4287-BD0D-DEE308D3624B}.Debug|x64.Build.0 = Debug|ARM
		{AE8AFBE1-F8A7-4287-BD0D-DEE308D3624B}.Debug|x64.Deploy.0 = Debug|ARM
		{AE8AFBE1-F8A7-4287-BD0D-DEE308D3624B}.Debug|x86.ActiveCfg = Debug|x86
		{AE8AFBE1-F8A7-4287-BD0D-DEE308D3624B}.Debug|x86.Build.0 = Debug|x86
		{AE8AFBE1-F8A7-4287-BD0D-DEE308D3624B}.Debug|x86.Deploy.0 = Debug|x86
		{AE8AFBE1-F8A7-4287-BD0D-DEE308D3624B}.Release|ARM.ActiveCfg = Release|ARM
		{AE8AFBE1-F8A7-4287-BD0D-DEE308D3624B}.Release|ARM.Build.0 = Release|ARM
		{AE8AFBE1-F8A7-4287-BD0D-DEE308D3624B}.Release|ARM.Deploy.0 = Release|ARM
		{AE8AFBE1-F8A7-4287-BD0D-DEE308D3624B}.Release|x64.ActiveCfg = Release|x64
		{AE8AFBE1-F8A7-4287-BD0D-DEE308D3624B}.Release|x64.Build.0 = Release|x64
		{AE8AFBE1-F8A7-4287-BD0D-DEE308D3624B}.Release|x64.Deploy.0 = Release|x64
		{AE8AFBE1-F8A7-4287-BD0D-DEE308D3624B}.Release|x86.ActiveCfg = Release|x86
		{AE8AFBE1-F8A7-4287-BD0D-DEE308D3624B}.Release|x86.Build.0 = Release|x86
		{AE8AFBE1-F8A7-4287-BD0D-DEE308D3624B}.Release|x86.Deploy.0 = Release|x86
		{3F1B10D0-2685-4D65-987D-15EB1ACDFFC8}.Debug|ARM.ActiveCfg = Debug|ARM
		{3F1B10D0-2685-4D65-987D-15EB1ACDFFC8}.Debug|ARM.Build.0 = Debug|ARM
		{3F1B10D0-2685-4D65-987D-15EB1ACDFFC8}.Debug|ARM.Deploy.0 = Debug|ARM
		{3F1B10D0-2685-4D65-987D-15EB1ACDFFC8}.Debug|x64.ActiveCfg = Debug|ARM
		{3F1B10D0-2685-4D65-987D-15EB1ACDFFC8}.Debug|x64.Build.0 = Debug|ARM
		{3F1B10D0-2685-4D65-987D-15EB1ACDFFC8}.Debug|x64.Deploy.0 = Debug|ARM
		{3F1B10D0-2685-4D65-987D-15EB1ACDFFC8}.Debug|x86.ActiveCfg = Debug|x86
		{3F1B10D0-2685-4D65-987D-15EB1ACDFFC8}.Debug|x86.Build.0 = Debug|x86
		{3F1B10D0-2685-4D65-987D-15EB1ACDFFC8}.Debug|x86.Deploy.0 = Debug|x86
		{3F1B10D0-2685-4D65-987D-15EB1ACDFFC8}.Release|ARM.ActiveCfg = Release|ARM
		{3F1B10D0-2685-4D65-987D-15EB1ACDFFC8}.Release|ARM.Build.0 = Release|ARM
		{3F1B10D0-2685-4D65-987D-15EB1ACDFFC8}.Release|ARM.Deploy.0 = Release|ARM
		{3F1B10D0-2685-4D65-987D-15EB1ACDFFC8}.Release|x64.ActiveCfg = Release|x64
		{3F1B10D0-2685-4D65-987D-15EB1ACDFFC8}.Release|x64.Build.0 = Release|x64
		{3F1B10D0-2685-4D65-987D-15EB1ACDFFC8}.Release|x64.Deploy.0 = Release|x64
		{3F1B10D0-2685-4D65-987D-15EB1ACDFFC8}.Release|x86.ActiveCfg = Release|x86
		{3F1B10D0-2685-4D65-987D-15EB1ACDFFC8}.Release|x86.Build.0 = Release|x86
		{3F1B10D0-2685-4D65-987D-15EB1ACDFFC8}.Release|x86.Deploy.0 = Release|x86
		{FBAC1C64-F56E-4A01-9D41-C9BC96C9E246}.Debug|ARM.ActiveCfg = Debug|ARM
		{FBAC1C64-F56E-4A01-9D41-C9BC96C9E246}.Debug|ARM.Build.0 = Debug|ARM
		{FBAC1C64-F56E-4A01-9D41-C9BC96C9E246}.Debug|ARM.Deploy.0 = Debug|ARM
		{FBAC1C64-F56E-4A01-9D41-C9BC96C9E246}.Debug|x64.ActiveCfg = Debug|ARM
		{FBAC1C64-F56E-4A01-9D41-C9BC96C9E246}.Debug|x64.Build.0 = Debug|ARM
		{FBAC1C64-F56E-4A01-9D41-C9BC96C9E246}.Debug|x64.Deploy.0 = Debug|ARM
		{FBAC1C64-F56E-4A01-9D41-C9BC96C9E246}.Debug|x86.ActiveCfg = Debug|x86
		{FBAC1C64-F56E-4A01-9D41-C9BC96C9E246}.Debug|x86.Build.0 = Debug|x86
		{FBAC1C64-F56E-4A01-9D41-C9BC96C9E246}.Debug|x86.Deploy.0 = Debug|x86
		{FBAC1C64-F56E-4A01-9D41-C9BC96C9E246}.Release|ARM.ActiveCfg = Release|ARM
		{FBAC1C64-F56E-4A01-9D41-C9BC96C9E246}.Release|ARM.Build.0 = Release|ARM
		{FBAC1C64-F56E-4A01-9D41-C9BC96C9E246}.Release|ARM.Deploy.0 = Release|ARM
		{FBAC1C64-F56E-4A01-9D41-C9BC96C9E246}.Release|x64.ActiveCfg = Release|x64
		{FBAC1C64-F56E-4A01-9D41-C9BC96C9E246}.Release|x64.Build.0 = Release|x64
		{FBAC1C64-F56E-4A01-9D41-C9BC96C9E246}.Release|x64.Deploy.0 = Release|x64
		{FBAC1C64-F56E-4A01-9D41-C9BC96C9E246}.Release|x86.ActiveCfg = Release|x86
		{FBAC1C64-F56E-4A01-9D41-C9BC96C9E246}.Release|x86.Build.0 = Release|x86
		{FBAC1C64-F56E-4A01-9D41-C9BC96C9E246}.Release|x86.Deploy.0 = Release|x86
		{71445452-8920-45D5-A60E-91BE5EAAE8D4}.Debug|ARM.ActiveCfg = Debug|ARM
		{71445452-8920-45D5-A60E-91BE5EAAE8D4}.Debug|ARM.Build.0 = Debug|ARM
		{71445452-8920-45D5-A60E-91BE5EAAE8D4}.Debug|ARM.Deploy.0 = Debug|ARM
		{71445452-8920-45D5-A60E-91BE5EAAE8D4}.Debug|x64.ActiveCfg = Debug|x86
		{71445452-8920-45D5-A60E-91BE5EAAE8D4}.Debug|x64.Build.0 = Debug|x86
		{71445452-8920-45D5-A60E-91BE5EAAE8D4}.Debug|x64.Deploy.0 = Debug|x86
		{71445452-8920-45D5-A60E-91BE5EAAE8D4}.Debug|x86.ActiveCfg = Debug|x86
		{71445452-8920-45D5-A60E-91BE5EAAE8D4}.Debug|x86.Build.0 = Debug|x86
		{71445452-8920-45D5-A60E-91BE5EAAE8D4}.Debug|x86.Deploy.0 = Debug|x86
		{71445452-8920-45D5-A60E-91BE5EAAE8D4}.Release|ARM.ActiveCfg = Release|ARM
		{71445452-8920-45D5-A60E-91BE5EAAE8D4}.Release|ARM.Build.0 = Release|ARM
		{71445452-8920-45D5-A60E-91BE5EAAE8D4}.Release|ARM.Deploy.0 = Release|ARM
		{71445452-8920-45D5-A60E-91BE5EAAE8D4}.Release|x64.ActiveCfg = Release|x64
		{71445452-8920-45D5-A60E-91BE5EAAE8D4}.Release|x64.Build.0 = Release|x64
		{71445452-8920-45D5-A60E-91BE5EAAE8D4}.Release|x64.Deploy.0 = Release|x64
		{71445452-8920-45D5-A60E-91BE5EAAE8D4}.Release|x86.ActiveCfg = Release|x86
		{71445452-8920-45D5-A60E-91BE5EAAE8D4}.Release|x86.Build.0 = Release|x86
		{71445452-8920-45D5-A60E-91BE5EAAE8D4}.Release|x86.Deploy.0 = Release|x86
		{534798B2-0E5A-48F5-8769-0D373F19A4DA}.Debug|ARM.ActiveCfg = Debug|ARM
		{534798B2-0E5A-48F5-8769-0D373F19A4DA}.Debug|ARM.Build.0 = Debug|ARM
		{534798B2-0E5A-48F5-8769-0D373F19A4DA}.Debug|ARM.Deploy.0 = Debug|ARM
		{534798B2-0E5A-48F5-8769-0D373F19A4DA}.Debug|x64.ActiveCfg = Debug|x64
		{534798B2-0E5A-48F5-8769-0D373F19A4DA}.Debug|x64.Build.0 = Debug|x64
		{534798B2-0E5A-48F5-8769-0D373F19A4DA}.Debug|x64.Deploy.0 = Debug|x64
		{534798B2-0E5A-48F5-8769-0D373F19A4DA}.Debug|x86.ActiveCfg = Debug|x86
		{534798B2-0E5A-48F5-8769-0D373F19A4DA}.Debug|x86.Build.0 = Debug|x86
		{534798B2-0E5A-48F5-8769-0D373F19A4DA}.Debug|x86.Deploy.0 = Debug|x86
		{534798B2-0E5A-48F5-8769-0D373F19A4DA}.Release|ARM.ActiveCfg = Release|ARM
		{534798B2-0E5A-48F5-8769-0D373F19A4DA}.Release|ARM.Build.0 = Release|ARM
		{534798B2-0E5A-48F5-8769-0D373F19A4DA}.Release|ARM.Deploy.0 = Release|ARM
		{534798B2-0E5A-48F5-8769-0D373F19A4DA}.Release|x64.ActiveCfg = Release|x64
		{534798B2-0E5A-48F5-8769-0D373F19A4DA}.Release|x64.Build.0 = Release|x64
		{534798B2-0E5A-48F5-8769-0D373F19A4DA}.Release|x64.Deploy.0 = Release|x64
		{534798B2-0E5A-48F5-8769-0D373F19A4DA}.Release|x86.ActiveCfg = Release|x86
		{534798B2-0E5A-48F5-8769-0D373F19A4DA}.Release|x86.Build.0 = Release|x86
		{534798B2-0E5A-48F5-8769-0D373F19A4DA}.Release|x86.Deploy.0 = Release|x86
		{0F8B9C8C-FF5A-4C1D-A9FF-AB81839DD433}.Debug|ARM.ActiveCfg = Debug|ARM
		{0F8B9C8C-FF5A-4C1D-A9FF-AB81839DD433}.Debug|ARM.Build.0 = Debug|ARM
		{0F8B9C8C-FF5A-4C1D-A9FF-AB81839DD433}.Debug|x64.ActiveCfg = Debug|x64
		{0F8B9C8C-FF5A-4C1D-A9FF-AB81839DD433}.Debug|x64.Build.0 = Debug|x64
		{0F8B9C8C-FF5A-4C1D-A9FF-AB81839DD433}.Debug|x64.Deploy.0 = Debug|x64
		{0F8B9C8C-FF5A-4C1D-A9FF-AB81839DD433}.Debug|x86.ActiveCfg = Debug|x86
		{0F8B9C8C-FF5A-4C1D-A9FF-AB81839DD433}.Debug|x86.Build.0 = Debug|x86
		{0F8B9C8C-FF5A-4C1D-A9FF-AB81839DD433}.Debug|x86.Deploy.0 = Debug|x86
		{0F8B9C8C-FF5A-4C1D-A9FF-AB81839DD433}.Release|ARM.ActiveCfg = Release|ARM
		{0F8B9C8C-FF5A-4C1D-A9FF-AB81839DD433}.Release|ARM.Build.0 = Release|ARM
		{0F8B9C8C-FF5A-4C1D-A9FF-AB81839DD433}.Release|ARM.Deploy.0 = Release|ARM
		{0F8B9C8C-FF5A-4C1D-A9FF-AB81839DD433}.Release|x64.ActiveCfg = Release|x64
		{0F8B9C8C-FF5A-4C1D-A9FF-AB81839DD433}.Release|x64.Build.0 = Release|x64
		{0F8B9C8C-FF5A-4C1D-A9FF-AB81839DD433}.Release|x64.Deploy.0 = Release|x64
		{0F8B9C8C-FF5A-4C1D-A9FF-AB81839DD433}.Release|x86.ActiveCfg = Release|x86
		{0F8B9C8C-FF5A-4C1D-A9FF-AB81839DD433}.Release|x86.Build.0 = Release|x86
		{0F8B9C8C-FF5A-4C1D-A9FF-AB81839DD433}.Release|x86.Deploy.0 = Release|x86
		{F9C4C5CE-687E-41AE-8725-0E9725621708}.Debug|ARM.ActiveCfg = Debug|ARM
		{F9C4C5CE-687E-41AE-8725-0E9725621708}.Debug|ARM.Build.0 = Debug|ARM
		{F9C4C5CE-687E-41AE-8725-0E9725621708}.Debug|ARM.Deploy.0 = Debug|ARM
		{F9C4C5CE-687E-41AE-8725-0E9725621708}.Debug|x64.ActiveCfg = Debug|x64
		{F9C4C5CE-687E-41AE-8725-0E9725621708}.Debug|x64.Build.0 = Debug|x64
		{F9C4C5CE-687E-41AE-8725-0E9725621708}.Debug|x64.Deploy.0 = Debug|x64
		{F9C4C5CE-687E-41AE-8725-0E9725621708}.Debug|x86.ActiveCfg = Debug|x86
		{F9C4C5CE-687E-41AE-8725-0E9725621708}.Debug|x86.Build.0 = Debug|x86
		{F9C4C5CE-687E-41AE-8725-0E9725621708}.Debug|x86.Deploy.0 = Debug|x86
		{F9C4C5CE-687E-41AE-8725-0E9725621708}.Release|ARM.ActiveCfg = Release|ARM
		{F9C4C5CE-687E-41AE-8725-0E9725621708}.Release|ARM.Build.0 = Release|ARM
		{F9C4C5CE-687E-41AE-8725-0E9725621708}.Release|ARM.Deploy.0 = Release|ARM
		{F9C4C5CE-687E-41AE-8725-0E9725621708}.Release|x64.ActiveCfg = Release|x64
		{F9C4C5CE-687E-41AE-8725-0E9725621708}.Release|x64.Build.0 = Release|x64
		{F9C4C5CE-687E-41AE-8725-0E9725621708}.Release|x64.Deploy.0 = Release|x64
		{F9C4C5CE-687E-41AE-8725-0E9725621708}.Release|x86.ActiveCfg = Release|x86
		{F9C4C5CE-687E-41AE-8725-0E9725621708}.Release|x86.Build.0 = Release|x86
		{F9C4C5CE-687E-41AE-8725-0E9725621708}.Release|x86.Deploy.0 = Release|x86
		{9492E279-3B3B-4962-A30B-5F87A5E3794C}.Debug|ARM.ActiveCfg = Debug|ARM
		{9492E279-3B3B-4962-A30B-5F87A5E3794C}.Debug|ARM.Build.0 = Debug|ARM
		{9492E279-3B3B-4962-A30B-5F87A5E3794C}.Debug|x64.ActiveCfg = Debug|x64
		{9492E279-3B3B-4962-A30B-5F87A5E3794C}.Debug|x64.Build.0 = Debug|x64
		{9492E279-3B3B-4962-A30B-5F87A5E3794C}.Debug|x64.Deploy.0 = Debug|x64
		{9492E279-3B3B-4962-A30B-5F87A5E3794C}.Debug|x86.ActiveCfg = Debug|x86
		{9492E279-3B3B-4962-A30B-5F87A5E3794C}.Debug|x86.Build.0 = Debug|x86
		{9492E279-3B3B-4962-A30B-5F87A5E3794C}.Debug|x86.Deploy.0 = Debug|x86
		{9492E279-3B3B-4962-A30B-5F87A5E3794C}.Release|ARM.ActiveCfg = Release|ARM
		{9492E279-3B3B-4962-A30B-5F87A5E3794C}.Release|ARM.Build.0 = Release|ARM
		{9492E279-3B3B-4962-A30B-5F87A5E3794C}.Release|ARM.Deploy.0 = Release|ARM
		{9492E279-3B3B-4962-A30B-5F87A5E3794C}.Release|x64.ActiveCfg = Release|x64
		{9492E279-3B3B-4962-A30B-5F87A5E3794C}.Release|x64.Build.0 = Release|x64
		{9492E279-3B3B-4962-A30B-5F87A5E3794C}.Release|x64.Deploy.0 = Release|x64
		{9492E279-3B3B-4962-A30B-5F87A5E3794C}.Release|x86.ActiveCfg = Release|x86
		{9492E279-3B3B-4962-A30B-5F87A5E3794C}.Release|x86.Build.0 = Release|x86
		{9492E279-3B3B-4962-A30B-5F87A5E3794C}.Release|x86.Deploy.0 = Release|x86
		{4A5D78E0-281A-4120-BE1C-6FED703861BE}.Debug|ARM.ActiveCfg = Debug|ARM
		{4A5D78E0-281A-4120-BE1C-6FED703861BE}.Debug|ARM.Build.0 = Debug|ARM
		{4A5D78E0-281A-4120-BE1C-6FED703861BE}.Debug|x64.ActiveCfg = Debug|x64
		{4A5D78E0-281A-4120-BE1C-6FED703861BE}.Debug|x64.Build.0 = Debug|x64
		{4A5D78E0-281A-4120-BE1C-6FED703861BE}.Debug|x64.Deploy.0 = Debug|x64
		{4A5D78E0-281A-4120-BE1C-6FED703861BE}.Debug|x86.ActiveCfg = Debug|x86
		{4A5D78E0-281A-4120-BE1C-6FED703861BE}.Debug|x86.Build.0 = Debug|x86
		{4A5D78E0-281A-4120-BE1C-6FED703861BE}.Debug|x86.Deploy.0 = Debug|x86
		{4A5D78E0-281A-4120-BE1C-6FED703861BE}.Release|ARM.ActiveCfg = Release|ARM
		{4A5D78E0-281A-4120-BE1C-6FED703861BE}.Release|ARM.Build.0 = Release|ARM
		{4A5D78E0-281A-4120-BE1C-6FED703861BE}.Release|ARM.Deploy.0 = Release|ARM
		{4A5D78E0-281A-4120-BE1C-6FED703861BE}.Release|x64.ActiveCfg = Release|x64
		{4A5D78E0-281A-4120-BE1C-6FED703861BE}.Release|x64.Build.0 = Release|x64
		{4A5D78E0-281A-4120-BE1C-6FED703861BE}.Release|x64.Deploy.0 = Release|x64
		{4A5D78E0-281A-4120-BE1C-6FED703861BE}.Release|x86.ActiveCfg = Release|x86
		{4A5D78E0-281A-4120-BE1C-6FED703861BE}.Release|x86.Build.0 = Release|x86
		{4A5D78E0-281A-4120-BE1C-6FED703861BE}.Release|x86.Deploy.0 = Release|x86
		{A38CBFE3-51F0-4A0E-828A-86B1362E5F49}.Debug|ARM.ActiveCfg = Debug|ARM
		{A38CBFE3-51F0-4A0E-828A-86B1362E5F49}.Debug|ARM.Build.0 = Debug|ARM
		{A38CBFE3-51F0-4A0E-828A-86B1362E5F49}.Debug|ARM.Deploy.0 = Debug|ARM
		{A38CBFE3-51F0-4A0E-828A-86B1362E5F49}.Debug|x64.ActiveCfg = Debug|x64
		{A38CBFE3-51F0-4A0E-828A-86B1362E5F49}.Debug|x64.Build.0 = Debug|x64
		{A38CBFE3-51F0-4A0E-828A-86B1362E5F49}.Debug|x64.Deploy.0 = Debug|x64
		{A38CBFE3-51F0-4A0E-828A-86B1362E5F49}.Debug|x86.ActiveCfg = Debug|x86
		{A38CBFE3-51F0-4A0E-828A-86B1362E5F49}.Debug|x86.Build.0 = Debug|x86
		{A38CBFE3-51F0-4A0E-828A-86B1362E5F49}.Debug|x86.Deploy.0 = Debug|x86
		{A38CBFE3-51F0-4A0E-828A-86B1362E5F49}.Release|ARM.ActiveCfg = Release|ARM
		{A38CBFE3-51F0-4A0E-828A-86B1362E5F49}.Release|ARM.Build.0 = Release|ARM
		{A38CBFE3-51F0-4A0E-828A-86B1362E5F49}.Release|ARM.Deploy.0 = Release|ARM
		{A38CBFE3-51F0-4A0E-828A-86B1362E5F49}.Release|x64.ActiveCfg = Release|x64
		{A38CBFE3-51F0-4A0E-828A-86B1362E5F49}.Release|x64.Build.0 = Release|x64
		{A38CBFE3-51F0-4A0E-828A-86B1362E5F49}.Release|x64.Deploy.0 = Release|x64
		{A38CBFE3-51F0-4A0E-828A-86B1362E5F49}.Release|x86.ActiveCfg = Release|x86
		{A38CBFE3-51F0-4A0E-828A-86B1362E5F49}.Release|x86.Build.0 = Release|x86
		{A38CBFE3-51F0-4A0E-828A-86B1362E5F49}.Release|x86.Deploy.0 = Release|x86
		{FBE709AF-CAF1-4A7A-8CEA-A1B2124894CC}.Debug|ARM.ActiveCfg = Debug|ARM
		{FBE709AF-CAF1-4A7A-8CEA-A1B2124894CC}.Debug|ARM.Build.0 = Debug|ARM
		{FBE709AF-CAF1-4A7A-8CEA-A1B2124894CC}.Debug|ARM.Deploy.0 = Debug|ARM
		{FBE709AF-CAF1-4A7A-8CEA-A1B2124894CC}.Debug|x64.ActiveCfg = Debug|x64
		{FBE709AF-CAF1-4A7A-8CEA-A1B2124894CC}.Debug|x64.Build.0 = Debug|x64
		{FBE709AF-CAF1-4A7A-8CEA-A1B2124894CC}.Debug|x64.Deploy.0 = Debug|x64
		{FBE709AF-CAF1-4A7A-8CEA-A1B2124894CC}.Debug|x86.ActiveCfg = Debug|x86
		{FBE709AF-CAF1-4A7A-8CEA-A1B2124894CC}.Debug|x86.Build.0 = Debug|x86
		{FBE709AF-CAF1-4A7A-8CEA-A1B2124894CC}.Debug|x86.Deploy.0 = Debug|x86
		{FBE709AF-CAF1-4A7A-8CEA-A1B2124894CC}.Release|ARM.ActiveCfg = Release|ARM
		{FBE709AF-CAF1-4A7A-8CEA-A1B2124894CC}.Release|ARM.Build.0 = Release|ARM
		{FBE709AF-CAF1-4A7A-8CEA-A1B2124894CC}.Release|ARM.Deploy.0 = Release|ARM
		{FBE709AF-CAF1-4A7A-8CEA-A1B2124894CC}.Release|x64.ActiveCfg = Release|x64
		{FBE709AF-CAF1-4A7A-8CEA-A1B2124894CC}.Release|x64.Build.0 = Release|x64
		{FBE709AF-CAF1-4A7A-8CEA-A1B2124894CC}.Release|x64.Deploy.0 = Release|x64
		{FBE709AF-CAF1-4A7A-8CEA-A1B2124894CC}.Release|x86.ActiveCfg = Release|x86
		{FBE709AF-CAF1-4A7A-8CEA-A1B2124894CC}.Release|x86.Build.0 = Release|x86
		{FBE709AF-CAF1-4A7A-8CEA-A1B2124894CC}.Release|x86.Deploy.0 = Release|x86
	EndGlobalSection
	GlobalSection(SolutionProperties) = preSolution
		HideSolutionNode = FALSE
	EndGlobalSection
EndGlobal
