
Microsoft Visual Studio Solution File, Format Version 12.00
# Visual Studio 14
VisualStudioVersion = 14.0.25420.1
MinimumVisualStudioVersion = 10.0.40219.1
Project("{FAE04EC0-301F-11D3-BF4B-00C04F79EFBC}") = "DHT_LCD", "DHT_LCD\DHT_LCD.csproj", "{B1E1890F-EB66-46FA-85FE-7E7995F1A385}"
EndProject
Global
	GlobalSection(SolutionConfigurationPlatforms) = preSolution
		Debug|ARM = Debug|ARM
		Debug|x64 = Debug|x64
		Debug|x86 = Debug|x86
		Release|ARM = Release|ARM
		Release|x64 = Release|x64
		Release|x86 = Release|x86
	EndGlobalSection
	GlobalSection(ProjectConfigurationPlatforms) = postSolution
		{B1E1890F-EB66-46FA-85FE-7E7995F1A385}.Debug|ARM.ActiveCfg = Debug|ARM
		{B1E1890F-EB66-46FA-85FE-7E7995F1A385}.Debug|ARM.Build.0 = Debug|ARM
		{B1E1890F-EB66-46FA-85FE-7E7995F1A385}.Debug|ARM.Deploy.0 = Debug|ARM
		{B1E1890F-EB66-46FA-85FE-7E7995F1A385}.Debug|x64.ActiveCfg = Debug|x64
		{B1E1890F-EB66-46FA-85FE-7E7995F1A385}.Debug|x64.Build.0 = Debug|x64
		{B1E1890F-EB66-46FA-85FE-7E7995F1A385}.Debug|x64.Deploy.0 = Debug|x64
		{B1E1890F-EB66-46FA-85FE-7E7995F1A385}.Debug|x86.ActiveCfg = Debug|x86
		{B1E1890F-EB66-46FA-85FE-7E7995F1A385}.Debug|x86.Build.0 = Debug|x86
		{B1E1890F-EB66-46FA-85FE-7E7995F1A385}.Debug|x86.Deploy.0 = Debug|x86
		{B1E1890F-EB66-46FA-85FE-7E7995F1A385}.Release|ARM.ActiveCfg = Release|ARM
		{B1E1890F-EB66-46FA-85FE-7E7995F1A385}.Release|ARM.Build.0 = Release|ARM
		{B1E1890F-EB66-46FA-85FE-7E7995F1A385}.Release|ARM.Deploy.0 = Release|ARM
		{B1E1890F-EB66-46FA-85FE-7E7995F1A385}.Release|x64.ActiveCfg = Release|x64
		{B1E1890F-EB66-46FA-85FE-7E7995F1A385}.Release|x64.Build.0 = Release|x64
		{B1E1890F-EB66-46FA-85FE-7E7995F1A385}.Release|x64.Deploy.0 = Release|x64
		{B1E1890F-EB66-46FA-85FE-7E7995F1A385}.Release|x86.ActiveCfg = Release|x86
		{B1E1890F-EB66-46FA-85FE-7E7995F1A385}.Release|x86.Build.0 = Release|x86
		{B1E1890F-EB66-46FA-85FE-7E7995F1A385}.Release|x86.Deploy.0 = Release|x86
	EndGlobalSection
	GlobalSection(SolutionProperties) = preSolution
		HideSolutionNode = FALSE
	EndGlobalSection
EndGlobal
